// !$*UTF8*$!
{
	archiveVersion = 1;
	classes = {
	};
	objectVersion = 50;
	objects = {

/* Begin PBXBuildFile section */
		58CE267721D73D4400BCE908 /* ListViewController.swift in Sources */ = {isa = PBXBuildFile; fileRef = 58CE267621D73D4400BCE908 /* ListViewController.swift */; };
		58CE267C21D73D4500BCE908 /* Assets.xcassets in Resources */ = {isa = PBXBuildFile; fileRef = 58CE267B21D73D4500BCE908 /* Assets.xcassets */; };
		58CE267F21D73D4500BCE908 /* LaunchScreen.storyboard in Resources */ = {isa = PBXBuildFile; fileRef = 58CE267D21D73D4500BCE908 /* LaunchScreen.storyboard */; };
		58CE269A21D750FA00BCE908 /* DetailModule.swift in Sources */ = {isa = PBXBuildFile; fileRef = 58CE269921D750FA00BCE908 /* DetailModule.swift */; };
		58CE269C21D751D300BCE908 /* DetailAssembly.swift in Sources */ = {isa = PBXBuildFile; fileRef = 58CE269B21D751D300BCE908 /* DetailAssembly.swift */; };
		58CE26A221D752CE00BCE908 /* DetailViewController.swift in Sources */ = {isa = PBXBuildFile; fileRef = 58CE26A121D752CE00BCE908 /* DetailViewController.swift */; };
		58CE26A421D752D900BCE908 /* DetailPresenter.swift in Sources */ = {isa = PBXBuildFile; fileRef = 58CE26A321D752D900BCE908 /* DetailPresenter.swift */; };
		58CE26A621D752E600BCE908 /* DetailInteractor.swift in Sources */ = {isa = PBXBuildFile; fileRef = 58CE26A521D752E600BCE908 /* DetailInteractor.swift */; };
		58CE26A821D752F000BCE908 /* DetailRouter.swift in Sources */ = {isa = PBXBuildFile; fileRef = 58CE26A721D752F000BCE908 /* DetailRouter.swift */; };
		58CE26AA21D7570300BCE908 /* DetailViewModel.swift in Sources */ = {isa = PBXBuildFile; fileRef = 58CE26A921D7570300BCE908 /* DetailViewModel.swift */; };
		58CE26AC21D75C9A00BCE908 /* SongCell.swift in Sources */ = {isa = PBXBuildFile; fileRef = 58CE26AB21D75C9A00BCE908 /* SongCell.swift */; };
		58CE26AE21D7683C00BCE908 /* HeaderView.swift in Sources */ = {isa = PBXBuildFile; fileRef = 58CE26AD21D7683C00BCE908 /* HeaderView.swift */; };
		58CE26B021D76BAA00BCE908 /* DeatailTests.swift in Sources */ = {isa = PBXBuildFile; fileRef = 58CE26AF21D76BAA00BCE908 /* DeatailTests.swift */; };
		58CE26B221D76D9400BCE908 /* DetailPresenterTests.swift in Sources */ = {isa = PBXBuildFile; fileRef = 58CE26B121D76D9400BCE908 /* DetailPresenterTests.swift */; };
		B0CE1290242FA55A00211275 /* AppDelegate.swift in Sources */ = {isa = PBXBuildFile; fileRef = 58CE267421D73D4400BCE908 /* AppDelegate.swift */; };
		B0CE1291242FA65F00211275 /* Main.storyboard in Resources */ = {isa = PBXBuildFile; fileRef = 58CE267821D73D4400BCE908 /* Main.storyboard */; };
/* End PBXBuildFile section */

/* Begin PBXContainerItemProxy section */
		58CE268621D73D4500BCE908 /* PBXContainerItemProxy */ = {
			isa = PBXContainerItemProxy;
			containerPortal = 58CE266921D73D4400BCE908 /* Project object */;
			proxyType = 1;
			remoteGlobalIDString = 58CE267021D73D4400BCE908;
			remoteInfo = Lesson6;
		};
/* End PBXContainerItemProxy section */

/* Begin PBXFileReference section */
		58CE267121D73D4400BCE908 /* Lesson6.app */ = {isa = PBXFileReference; explicitFileType = wrapper.application; includeInIndex = 0; path = Lesson6.app; sourceTree = BUILT_PRODUCTS_DIR; };
		58CE267421D73D4400BCE908 /* AppDelegate.swift */ = {isa = PBXFileReference; lastKnownFileType = sourcecode.swift; path = AppDelegate.swift; sourceTree = "<group>"; };
		58CE267621D73D4400BCE908 /* ListViewController.swift */ = {isa = PBXFileReference; lastKnownFileType = sourcecode.swift; path = ListViewController.swift; sourceTree = "<group>"; };
		58CE267921D73D4400BCE908 /* Base */ = {isa = PBXFileReference; lastKnownFileType = file.storyboard; name = Base; path = Base.lproj/Main.storyboard; sourceTree = "<group>"; };
		58CE267B21D73D4500BCE908 /* Assets.xcassets */ = {isa = PBXFileReference; lastKnownFileType = folder.assetcatalog; path = Assets.xcassets; sourceTree = "<group>"; };
		58CE267E21D73D4500BCE908 /* Base */ = {isa = PBXFileReference; lastKnownFileType = file.storyboard; name = Base; path = Base.lproj/LaunchScreen.storyboard; sourceTree = "<group>"; };
		58CE268021D73D4500BCE908 /* Info.plist */ = {isa = PBXFileReference; lastKnownFileType = text.plist.xml; path = Info.plist; sourceTree = "<group>"; };
		58CE268521D73D4500BCE908 /* Lesson6Tests.xctest */ = {isa = PBXFileReference; explicitFileType = wrapper.cfbundle; includeInIndex = 0; path = Lesson6Tests.xctest; sourceTree = BUILT_PRODUCTS_DIR; };
		58CE268B21D73D4500BCE908 /* Info.plist */ = {isa = PBXFileReference; lastKnownFileType = text.plist.xml; path = Info.plist; sourceTree = "<group>"; };
		58CE269921D750FA00BCE908 /* DetailModule.swift */ = {isa = PBXFileReference; lastKnownFileType = sourcecode.swift; path = DetailModule.swift; sourceTree = "<group>"; };
		58CE269B21D751D300BCE908 /* DetailAssembly.swift */ = {isa = PBXFileReference; lastKnownFileType = sourcecode.swift; path = DetailAssembly.swift; sourceTree = "<group>"; };
		58CE26A121D752CE00BCE908 /* DetailViewController.swift */ = {isa = PBXFileReference; lastKnownFileType = sourcecode.swift; path = DetailViewController.swift; sourceTree = "<group>"; };
		58CE26A321D752D900BCE908 /* DetailPresenter.swift */ = {isa = PBXFileReference; lastKnownFileType = sourcecode.swift; path = DetailPresenter.swift; sourceTree = "<group>"; };
		58CE26A521D752E600BCE908 /* DetailInteractor.swift */ = {isa = PBXFileReference; lastKnownFileType = sourcecode.swift; path = DetailInteractor.swift; sourceTree = "<group>"; };
		58CE26A721D752F000BCE908 /* DetailRouter.swift */ = {isa = PBXFileReference; lastKnownFileType = sourcecode.swift; path = DetailRouter.swift; sourceTree = "<group>"; };
		58CE26A921D7570300BCE908 /* DetailViewModel.swift */ = {isa = PBXFileReference; lastKnownFileType = sourcecode.swift; path = DetailViewModel.swift; sourceTree = "<group>"; };
		58CE26AB21D75C9A00BCE908 /* SongCell.swift */ = {isa = PBXFileReference; lastKnownFileType = sourcecode.swift; path = SongCell.swift; sourceTree = "<group>"; };
		58CE26AD21D7683C00BCE908 /* HeaderView.swift */ = {isa = PBXFileReference; lastKnownFileType = sourcecode.swift; path = HeaderView.swift; sourceTree = "<group>"; };
		58CE26AF21D76BAA00BCE908 /* DeatailTests.swift */ = {isa = PBXFileReference; lastKnownFileType = sourcecode.swift; path = DeatailTests.swift; sourceTree = "<group>"; };
		58CE26B121D76D9400BCE908 /* DetailPresenterTests.swift */ = {isa = PBXFileReference; lastKnownFileType = sourcecode.swift; path = DetailPresenterTests.swift; sourceTree = "<group>"; };
/* End PBXFileReference section */

/* Begin PBXFrameworksBuildPhase section */
		58CE266E21D73D4400BCE908 /* Frameworks */ = {
			isa = PBXFrameworksBuildPhase;
			buildActionMask = 2147483647;
			files = (
			);
			runOnlyForDeploymentPostprocessing = 0;
		};
		58CE268221D73D4500BCE908 /* Frameworks */ = {
			isa = PBXFrameworksBuildPhase;
			buildActionMask = 2147483647;
			files = (
			);
			runOnlyForDeploymentPostprocessing = 0;
		};
/* End PBXFrameworksBuildPhase section */

/* Begin PBXGroup section */
		58CE266821D73D4400BCE908 = {
			isa = PBXGroup;
			children = (
				58CE267321D73D4400BCE908 /* Lesson6 */,
				58CE268821D73D4500BCE908 /* Lesson6Tests */,
				58CE267221D73D4400BCE908 /* Products */,
			);
			sourceTree = "<group>";
		};
		58CE267221D73D4400BCE908 /* Products */ = {
			isa = PBXGroup;
			children = (
				58CE267121D73D4400BCE908 /* Lesson6.app */,
				58CE268521D73D4500BCE908 /* Lesson6Tests.xctest */,
			);
			name = Products;
			sourceTree = "<group>";
		};
		58CE267321D73D4400BCE908 /* Lesson6 */ = {
			isa = PBXGroup;
			children = (
				58CE267421D73D4400BCE908 /* AppDelegate.swift */,
				58CE269521D73F9000BCE908 /* Detail */,
				58CE269421D73F9000BCE908 /* List */,
				58CE269621D73FB700BCE908 /* Resources */,
			);
			path = Lesson6;
			sourceTree = "<group>";
		};
		58CE268821D73D4500BCE908 /* Lesson6Tests */ = {
			isa = PBXGroup;
			children = (
				58CE26AF21D76BAA00BCE908 /* DeatailTests.swift */,
				58CE26B121D76D9400BCE908 /* DetailPresenterTests.swift */,
				58CE268B21D73D4500BCE908 /* Info.plist */,
			);
			path = Lesson6Tests;
			sourceTree = "<group>";
		};
		58CE269421D73F9000BCE908 /* List */ = {
			isa = PBXGroup;
			children = (
				58CE267621D73D4400BCE908 /* ListViewController.swift */,
			);
			path = List;
			sourceTree = "<group>";
		};
		58CE269521D73F9000BCE908 /* Detail */ = {
			isa = PBXGroup;
			children = (
				58CE269921D750FA00BCE908 /* DetailModule.swift */,
				58CE269B21D751D300BCE908 /* DetailAssembly.swift */,
				58CE26A021D752B000BCE908 /* Router */,
				58CE269F21D752A600BCE908 /* Interactor */,
				58CE269E21D7529E00BCE908 /* Presenter */,
				58CE269D21D7529400BCE908 /* View */,
			);
			path = Detail;
			sourceTree = "<group>";
		};
		58CE269621D73FB700BCE908 /* Resources */ = {
			isa = PBXGroup;
			children = (
				58CE267821D73D4400BCE908 /* Main.storyboard */,
				58CE267B21D73D4500BCE908 /* Assets.xcassets */,
				58CE267D21D73D4500BCE908 /* LaunchScreen.storyboard */,
				58CE268021D73D4500BCE908 /* Info.plist */,
			);
			path = Resources;
			sourceTree = "<group>";
		};
		58CE269D21D7529400BCE908 /* View */ = {
			isa = PBXGroup;
			children = (
				58CE26A121D752CE00BCE908 /* DetailViewController.swift */,
				58CE26AB21D75C9A00BCE908 /* SongCell.swift */,
				58CE26AD21D7683C00BCE908 /* HeaderView.swift */,
			);
			path = View;
			sourceTree = "<group>";
		};
		58CE269E21D7529E00BCE908 /* Presenter */ = {
			isa = PBXGroup;
			children = (
				58CE26A321D752D900BCE908 /* DetailPresenter.swift */,
				58CE26A921D7570300BCE908 /* DetailViewModel.swift */,
			);
			path = Presenter;
			sourceTree = "<group>";
		};
		58CE269F21D752A600BCE908 /* Interactor */ = {
			isa = PBXGroup;
			children = (
				58CE26A521D752E600BCE908 /* DetailInteractor.swift */,
			);
			path = Interactor;
			sourceTree = "<group>";
		};
		58CE26A021D752B000BCE908 /* Router */ = {
			isa = PBXGroup;
			children = (
				58CE26A721D752F000BCE908 /* DetailRouter.swift */,
			);
			path = Router;
			sourceTree = "<group>";
		};
/* End PBXGroup section */

/* Begin PBXNativeTarget section */
		58CE267021D73D4400BCE908 /* Lesson6 */ = {
			isa = PBXNativeTarget;
			buildConfigurationList = 58CE268E21D73D4500BCE908 /* Build configuration list for PBXNativeTarget "Lesson6" */;
			buildPhases = (
				58CE266D21D73D4400BCE908 /* Sources */,
				58CE266E21D73D4400BCE908 /* Frameworks */,
				58CE266F21D73D4400BCE908 /* Resources */,
			);
			buildRules = (
			);
			dependencies = (
			);
			name = Lesson6;
			productName = Lesson6;
			productReference = 58CE267121D73D4400BCE908 /* Lesson6.app */;
			productType = "com.apple.product-type.application";
		};
		58CE268421D73D4500BCE908 /* Lesson6Tests */ = {
			isa = PBXNativeTarget;
			buildConfigurationList = 58CE269121D73D4500BCE908 /* Build configuration list for PBXNativeTarget "Lesson6Tests" */;
			buildPhases = (
				58CE268121D73D4500BCE908 /* Sources */,
				58CE268221D73D4500BCE908 /* Frameworks */,
				58CE268321D73D4500BCE908 /* Resources */,
			);
			buildRules = (
			);
			dependencies = (
				58CE268721D73D4500BCE908 /* PBXTargetDependency */,
			);
			name = Lesson6Tests;
			productName = Lesson6Tests;
			productReference = 58CE268521D73D4500BCE908 /* Lesson6Tests.xctest */;
			productType = "com.apple.product-type.bundle.unit-test";
		};
/* End PBXNativeTarget section */

/* Begin PBXProject section */
		58CE266921D73D4400BCE908 /* Project object */ = {
			isa = PBXProject;
			attributes = {
				LastSwiftUpdateCheck = 1010;
				LastUpgradeCheck = 1010;
				ORGANIZATIONNAME = "Alex Apriamashvili";
				TargetAttributes = {
					58CE267021D73D4400BCE908 = {
						CreatedOnToolsVersion = 10.1;
					};
					58CE268421D73D4500BCE908 = {
						CreatedOnToolsVersion = 10.1;
						TestTargetID = 58CE267021D73D4400BCE908;
					};
				};
			};
			buildConfigurationList = 58CE266C21D73D4400BCE908 /* Build configuration list for PBXProject "Lesson6" */;
			compatibilityVersion = "Xcode 9.3";
			developmentRegion = en;
			hasScannedForEncodings = 0;
			knownRegions = (
				en,
				Base,
			);
			mainGroup = 58CE266821D73D4400BCE908;
			productRefGroup = 58CE267221D73D4400BCE908 /* Products */;
			projectDirPath = "";
			projectRoot = "";
			targets = (
				58CE267021D73D4400BCE908 /* Lesson6 */,
				58CE268421D73D4500BCE908 /* Lesson6Tests */,
			);
		};
/* End PBXProject section */

/* Begin PBXResourcesBuildPhase section */
		58CE266F21D73D4400BCE908 /* Resources */ = {
			isa = PBXResourcesBuildPhase;
			buildActionMask = 2147483647;
			files = (
				B0CE1291242FA65F00211275 /* Main.storyboard in Resources */,
				58CE267F21D73D4500BCE908 /* LaunchScreen.storyboard in Resources */,
				58CE267C21D73D4500BCE908 /* Assets.xcassets in Resources */,
			);
			runOnlyForDeploymentPostprocessing = 0;
		};
		58CE268321D73D4500BCE908 /* Resources */ = {
			isa = PBXResourcesBuildPhase;
			buildActionMask = 2147483647;
			files = (
			);
			runOnlyForDeploymentPostprocessing = 0;
		};
/* End PBXResourcesBuildPhase section */

/* Begin PBXSourcesBuildPhase section */
		58CE266D21D73D4400BCE908 /* Sources */ = {
			isa = PBXSourcesBuildPhase;
			buildActionMask = 2147483647;
			files = (
				B0CE1290242FA55A00211275 /* AppDelegate.swift in Sources */,
				58CE267721D73D4400BCE908 /* ListViewController.swift in Sources */,
				58CE26A821D752F000BCE908 /* DetailRouter.swift in Sources */,
				58CE26A221D752CE00BCE908 /* DetailViewController.swift in Sources */,
				58CE26AA21D7570300BCE908 /* DetailViewModel.swift in Sources */,
				58CE269C21D751D300BCE908 /* DetailAssembly.swift in Sources */,
				58CE26A621D752E600BCE908 /* DetailInteractor.swift in Sources */,
				58CE26AE21D7683C00BCE908 /* HeaderView.swift in Sources */,
				58CE269A21D750FA00BCE908 /* DetailModule.swift in Sources */,
				58CE26AC21D75C9A00BCE908 /* SongCell.swift in Sources */,
				58CE26A421D752D900BCE908 /* DetailPresenter.swift in Sources */,
			);
			runOnlyForDeploymentPostprocessing = 0;
		};
		58CE268121D73D4500BCE908 /* Sources */ = {
			isa = PBXSourcesBuildPhase;
			buildActionMask = 2147483647;
			files = (
				58CE26B221D76D9400BCE908 /* DetailPresenterTests.swift in Sources */,
				58CE26B021D76BAA00BCE908 /* DeatailTests.swift in Sources */,
			);
			runOnlyForDeploymentPostprocessing = 0;
		};
/* End PBXSourcesBuildPhase section */

/* Begin PBXTargetDependency section */
		58CE268721D73D4500BCE908 /* PBXTargetDependency */ = {
			isa = PBXTargetDependency;
			target = 58CE267021D73D4400BCE908 /* Lesson6 */;
			targetProxy = 58CE268621D73D4500BCE908 /* PBXContainerItemProxy */;
		};
/* End PBXTargetDependency section */

/* Begin PBXVariantGroup section */
		58CE267821D73D4400BCE908 /* Main.storyboard */ = {
			isa = PBXVariantGroup;
			children = (
				58CE267921D73D4400BCE908 /* Base */,
			);
			name = Main.storyboard;
			sourceTree = "<group>";
		};
		58CE267D21D73D4500BCE908 /* LaunchScreen.storyboard */ = {
			isa = PBXVariantGroup;
			children = (
				58CE267E21D73D4500BCE908 /* Base */,
			);
			name = LaunchScreen.storyboard;
			sourceTree = "<group>";
		};
/* End PBXVariantGroup section */

/* Begin XCBuildConfiguration section */
		58CE268C21D73D4500BCE908 /* Debug */ = {
			isa = XCBuildConfiguration;
			buildSettings = {
				ALWAYS_SEARCH_USER_PATHS = NO;
				CLANG_ANALYZER_NONNULL = YES;
				CLANG_ANALYZER_NUMBER_OBJECT_CONVERSION = YES_AGGRESSIVE;
				CLANG_CXX_LANGUAGE_STANDARD = "gnu++14";
				CLANG_CXX_LIBRARY = "libc++";
				CLANG_ENABLE_MODULES = YES;
				CLANG_ENABLE_OBJC_ARC = YES;
				CLANG_ENABLE_OBJC_WEAK = YES;
				CLANG_WARN_BLOCK_CAPTURE_AUTORELEASING = YES;
				CLANG_WARN_BOOL_CONVERSION = YES;
				CLANG_WARN_COMMA = YES;
				CLANG_WARN_CONSTANT_CONVERSION = YES;
				CLANG_WARN_DEPRECATED_OBJC_IMPLEMENTATIONS = YES;
				CLANG_WARN_DIRECT_OBJC_ISA_USAGE = YES_ERROR;
				CLANG_WARN_DOCUMENTATION_COMMENTS = YES;
				CLANG_WARN_EMPTY_BODY = YES;
				CLANG_WARN_ENUM_CONVERSION = YES;
				CLANG_WARN_INFINITE_RECURSION = YES;
				CLANG_WARN_INT_CONVERSION = YES;
				CLANG_WARN_NON_LITERAL_NULL_CONVERSION = YES;
				CLANG_WARN_OBJC_IMPLICIT_RETAIN_SELF = YES;
				CLANG_WARN_OBJC_LITERAL_CONVERSION = YES;
				CLANG_WARN_OBJC_ROOT_CLASS = YES_ERROR;
				CLANG_WARN_RANGE_LOOP_ANALYSIS = YES;
				CLANG_WARN_STRICT_PROTOTYPES = YES;
				CLANG_WARN_SUSPICIOUS_MOVE = YES;
				CLANG_WARN_UNGUARDED_AVAILABILITY = YES_AGGRESSIVE;
				CLANG_WARN_UNREACHABLE_CODE = YES;
				CLANG_WARN__DUPLICATE_METHOD_MATCH = YES;
				CODE_SIGN_IDENTITY = "iPhone Developer";
				COPY_PHASE_STRIP = NO;
				DEBUG_INFORMATION_FORMAT = dwarf;
				ENABLE_STRICT_OBJC_MSGSEND = YES;
				ENABLE_TESTABILITY = YES;
				GCC_C_LANGUAGE_STANDARD = gnu11;
				GCC_DYNAMIC_NO_PIC = NO;
				GCC_NO_COMMON_BLOCKS = YES;
				GCC_OPTIMIZATION_LEVEL = 0;
				GCC_PREPROCESSOR_DEFINITIONS = (
					"DEBUG=1",
					"$(inherited)",
				);
				GCC_WARN_64_TO_32_BIT_CONVERSION = YES;
				GCC_WARN_ABOUT_RETURN_TYPE = YES_ERROR;
				GCC_WARN_UNDECLARED_SELECTOR = YES;
				GCC_WARN_UNINITIALIZED_AUTOS = YES_AGGRESSIVE;
				GCC_WARN_UNUSED_FUNCTION = YES;
				GCC_WARN_UNUSED_VARIABLE = YES;
				IPHONEOS_DEPLOYMENT_TARGET = 12.1;
				MTL_ENABLE_DEBUG_INFO = INCLUDE_SOURCE;
				MTL_FAST_MATH = YES;
				ONLY_ACTIVE_ARCH = YES;
				SDKROOT = iphoneos;
				SWIFT_ACTIVE_COMPILATION_CONDITIONS = DEBUG;
				SWIFT_OPTIMIZATION_LEVEL = "-Onone";
			};
			name = Debug;
		};
		58CE268D21D73D4500BCE908 /* Release */ = {
			isa = XCBuildConfiguration;
			buildSettings = {
				ALWAYS_SEARCH_USER_PATHS = NO;
				CLANG_ANALYZER_NONNULL = YES;
				CLANG_ANALYZER_NUMBER_OBJECT_CONVERSION = YES_AGGRESSIVE;
				CLANG_CXX_LANGUAGE_STANDARD = "gnu++14";
				CLANG_CXX_LIBRARY = "libc++";
				CLANG_ENABLE_MODULES = YES;
				CLANG_ENABLE_OBJC_ARC = YES;
				CLANG_ENABLE_OBJC_WEAK = YES;
				CLANG_WARN_BLOCK_CAPTURE_AUTORELEASING = YES;
				CLANG_WARN_BOOL_CONVERSION = YES;
				CLANG_WARN_COMMA = YES;
				CLANG_WARN_CONSTANT_CONVERSION = YES;
				CLANG_WARN_DEPRECATED_OBJC_IMPLEMENTATIONS = YES;
				CLANG_WARN_DIRECT_OBJC_ISA_USAGE = YES_ERROR;
				CLANG_WARN_DOCUMENTATION_COMMENTS = YES;
				CLANG_WARN_EMPTY_BODY = YES;
				CLANG_WARN_ENUM_CONVERSION = YES;
				CLANG_WARN_INFINITE_RECURSION = YES;
				CLANG_WARN_INT_CONVERSION = YES;
				CLANG_WARN_NON_LITERAL_NULL_CONVERSION = YES;
				CLANG_WARN_OBJC_IMPLICIT_RETAIN_SELF = YES;
				CLANG_WARN_OBJC_LITERAL_CONVERSION = YES;
				CLANG_WARN_OBJC_ROOT_CLASS = YES_ERROR;
				CLANG_WARN_RANGE_LOOP_ANALYSIS = YES;
				CLANG_WARN_STRICT_PROTOTYPES = YES;
				CLANG_WARN_SUSPICIOUS_MOVE = YES;
				CLANG_WARN_UNGUARDED_AVAILABILITY = YES_AGGRESSIVE;
				CLANG_WARN_UNREACHABLE_CODE = YES;
				CLANG_WARN__DUPLICATE_METHOD_MATCH = YES;
				CODE_SIGN_IDENTITY = "iPhone Developer";
				COPY_PHASE_STRIP = NO;
				DEBUG_INFORMATION_FORMAT = "dwarf-with-dsym";
				ENABLE_NS_ASSERTIONS = NO;
				ENABLE_STRICT_OBJC_MSGSEND = YES;
				GCC_C_LANGUAGE_STANDARD = gnu11;
				GCC_NO_COMMON_BLOCKS = YES;
				GCC_WARN_64_TO_32_BIT_CONVERSION = YES;
				GCC_WARN_ABOUT_RETURN_TYPE = YES_ERROR;
				GCC_WARN_UNDECLARED_SELECTOR = YES;
				GCC_WARN_UNINITIALIZED_AUTOS = YES_AGGRESSIVE;
				GCC_WARN_UNUSED_FUNCTION = YES;
				GCC_WARN_UNUSED_VARIABLE = YES;
				IPHONEOS_DEPLOYMENT_TARGET = 12.1;
				MTL_ENABLE_DEBUG_INFO = NO;
				MTL_FAST_MATH = YES;
				SDKROOT = iphoneos;
				SWIFT_COMPILATION_MODE = wholemodule;
				SWIFT_OPTIMIZATION_LEVEL = "-O";
				VALIDATE_PRODUCT = YES;
			};
			name = Release;
		};
		58CE268F21D73D4500BCE908 /* Debug */ = {
			isa = XCBuildConfiguration;
			buildSettings = {
				ASSETCATALOG_COMPILER_APPICON_NAME = AppIcon;
				CODE_SIGN_STYLE = Automatic;
				DEVELOPMENT_TEAM = 693L9L56RY;
				INFOPLIST_FILE = "$(SRCROOT)/Lesson6/Resources/Info.plist";
				LD_RUNPATH_SEARCH_PATHS = (
					"$(inherited)",
					"@executable_path/Frameworks",
				);
				PRODUCT_BUNDLE_IDENTIFIER = GeekBrains.Lesson6;
				PRODUCT_NAME = "$(TARGET_NAME)";
				SWIFT_VERSION = 4.2;
				TARGETED_DEVICE_FAMILY = "1,2";
			};
			name = Debug;
		};
		58CE269021D73D4500BCE908 /* Release */ = {
			isa = XCBuildConfiguration;
			buildSettings = {
				ASSETCATALOG_COMPILER_APPICON_NAME = AppIcon;
				CODE_SIGN_STYLE = Automatic;
				DEVELOPMENT_TEAM = 693L9L56RY;
				INFOPLIST_FILE = "$(SRCROOT)/Lesson6/Resources/Info.plist";
				LD_RUNPATH_SEARCH_PATHS = (
					"$(inherited)",
					"@executable_path/Frameworks",
				);
				PRODUCT_BUNDLE_IDENTIFIER = GeekBrains.Lesson6;
				PRODUCT_NAME = "$(TARGET_NAME)";
				SWIFT_VERSION = 4.2;
				TARGETED_DEVICE_FAMILY = "1,2";
			};
			name = Release;
		};
		58CE269221D73D4500BCE908 /* Debug */ = {
			isa = XCBuildConfiguration;
			buildSettings = {
				ALWAYS_EMBED_SWIFT_STANDARD_LIBRARIES = YES;
				BUNDLE_LOADER = "$(TEST_HOST)";
				CODE_SIGN_STYLE = Automatic;
				DEVELOPMENT_TEAM = 693L9L56RY;
				INFOPLIST_FILE = Lesson6Tests/Info.plist;
				LD_RUNPATH_SEARCH_PATHS = (
					"$(inherited)",
					"@executable_path/Frameworks",
					"@loader_path/Frameworks",
				);
				PRODUCT_BUNDLE_IDENTIFIER = GeekBrains.Lesson6Tests;
				PRODUCT_NAME = "$(TARGET_NAME)";
				SWIFT_VERSION = 4.2;
				TARGETED_DEVICE_FAMILY = "1,2";
				TEST_HOST = "$(BUILT_PRODUCTS_DIR)/Lesson6.app/Lesson6";
			};
			name = Debug;
		};
		58CE269321D73D4500BCE908 /* Release */ = {
			isa = XCBuildConfiguration;
			buildSettings = {
				ALWAYS_EMBED_SWIFT_STANDARD_LIBRARIES = YES;
				BUNDLE_LOADER = "$(TEST_HOST)";
				CODE_SIGN_STYLE = Automatic;
				DEVELOPMENT_TEAM = 693L9L56RY;
				INFOPLIST_FILE = Lesson6Tests/Info.plist;
				LD_RUNPATH_SEARCH_PATHS = (
					"$(inherited)",
					"@executable_path/Frameworks",
					"@loader_path/Frameworks",
				);
				PRODUCT_BUNDLE_IDENTIFIER = GeekBrains.Lesson6Tests;
				PRODUCT_NAME = "$(TARGET_NAME)";
				SWIFT_VERSION = 4.2;
				TARGETED_DEVICE_FAMILY = "1,2";
				TEST_HOST = "$(BUILT_PRODUCTS_DIR)/Lesson6.app/Lesson6";
			};
			name = Release;
		};
/* End XCBuildConfiguration section */

/* Begin XCConfigurationList section */
		58CE266C21D73D4400BCE908 /* Build configuration list for PBXProject "Lesson6" */ = {
			isa = XCConfigurationList;
			buildConfigurations = (
				58CE268C21D73D4500BCE908 /* Debug */,
				58CE268D21D73D4500BCE908 /* Release */,
			);
			defaultConfigurationIsVisible = 0;
			defaultConfigurationName = Release;
		};
		58CE268E21D73D4500BCE908 /* Build configuration list for PBXNativeTarget "Lesson6" */ = {
			isa = XCConfigurationList;
			buildConfigurations = (
				58CE268F21D73D4500BCE908 /* Debug */,
				58CE269021D73D4500BCE908 /* Release */,
			);
			defaultConfigurationIsVisible = 0;
			defaultConfigurationName = Release;
		};
		58CE269121D73D4500BCE908 /* Build configuration list for PBXNativeTarget "Lesson6Tests" */ = {
			isa = XCConfigurationList;
			buildConfigurations = (
				58CE269221D73D4500BCE908 /* Debug */,
				58CE269321D73D4500BCE908 /* Release */,
			);
			defaultConfigurationIsVisible = 0;
			defaultConfigurationName = Release;
		};
/* End XCConfigurationList section */
	};
	rootObject = 58CE266921D73D4400BCE908 /* Project object */;
}
